
Microsoft Visual Studio Solution File, Format Version 12.00
# Visual Studio Version 17
VisualStudioVersion = 17.2.32616.157
MinimumVisualStudioVersion = 10.0.40219.1
Project("{FAE04EC0-301F-11D3-BF4B-00C04F79EFBC}") = "grafika2", "grafika2\grafika2.csproj", "{849C5302-5B61-4805-8BA2-A3FE92BF9F73}"
EndProject
Global
	GlobalSection(SolutionConfigurationPlatforms) = preSolution
		Debug|Any CPU = Debug|Any CPU
		Release|Any CPU = Release|Any CPU
	EndGlobalSection
	GlobalSection(ProjectConfigurationPlatforms) = postSolution
		{849C5302-5B61-4805-8BA2-A3FE92BF9F73}.Debug|Any CPU.ActiveCfg = Debug|Any CPU
		{849C5302-5B61-4805-8BA2-A3FE92BF9F73}.Debug|Any CPU.Build.0 = Debug|Any CPU
		{849C5302-5B61-4805-8BA2-A3FE92BF9F73}.Release|Any CPU.ActiveCfg = Release|Any CPU
		{849C5302-5B61-4805-8BA2-A3FE92BF9F73}.Release|Any CPU.Build.0 = Release|Any CPU
	EndGlobalSection
	GlobalSection(SolutionProperties) = preSolution
		HideSolutionNode = FALSE
	EndGlobalSection
	GlobalSection(ExtensibilityGlobals) = postSolution
		SolutionGuid = {4FA1ABD9-F043-46A8-9070-C52EE70C6EE1}
	EndGlobalSection
EndGlobal
